
Microsoft Visual Studio Solution File, Format Version 12.00
# Visual Studio Version 17
VisualStudioVersion = 17.11.35219.272
MinimumVisualStudioVersion = 10.0.40219.1
Project("{FAE04EC0-301F-11D3-BF4B-00C04F79EFBC}") = "F2024-Assignment2-mwebster", "F2024-Assignment2-mwebster.csproj", "{AC8C1A8C-C758-4F4C-9289-A202FA70D788}"
EndProject
Global
	GlobalSection(SolutionConfigurationPlatforms) = preSolution
		Debug|Any CPU = Debug|Any CPU
		Release|Any CPU = Release|Any CPU
	EndGlobalSection
	GlobalSection(ProjectConfigurationPlatforms) = postSolution
		{AC8C1A8C-C758-4F4C-9289-A202FA70D788}.Debug|Any CPU.ActiveCfg = Debug|Any CPU
		{AC8C1A8C-C758-4F4C-9289-A202FA70D788}.Debug|Any CPU.Build.0 = Debug|Any CPU
		{AC8C1A8C-C758-4F4C-9289-A202FA70D788}.Release|Any CPU.ActiveCfg = Release|Any CPU
		{AC8C1A8C-C758-4F4C-9289-A202FA70D788}.Release|Any CPU.Build.0 = Release|Any CPU
	EndGlobalSection
	GlobalSection(SolutionProperties) = preSolution
		HideSolutionNode = FALSE
	EndGlobalSection
	GlobalSection(ExtensibilityGlobals) = postSolution
		SolutionGuid = {4C4E6C34-C4C2-4AEB-ACC3-8B945B87D10A}
	EndGlobalSection
EndGlobal
